
Microsoft Visual Studio Solution File, Format Version 12.00
# Visual Studio Version 16
VisualStudioVersion = 16.0.31911.196
MinimumVisualStudioVersion = 10.0.40219.1
Project("{FAE04EC0-301F-11D3-BF4B-00C04F79EFBC}") = "collections_and_stuff_may_csharp_2021", "collections_and_stuff_may_csharp_2021.csproj", "{E61D4938-892C-4B2C-9DC5-8C83B0112370}"
EndProject
Global
	GlobalSection(SolutionConfigurationPlatforms) = preSolution
		Debug|Any CPU = Debug|Any CPU
		Release|Any CPU = Release|Any CPU
	EndGlobalSection
	GlobalSection(ProjectConfigurationPlatforms) = postSolution
		{E61D4938-892C-4B2C-9DC5-8C83B0112370}.Debug|Any CPU.ActiveCfg = Debug|Any CPU
		{E61D4938-892C-4B2C-9DC5-8C83B0112370}.Debug|Any CPU.Build.0 = Debug|Any CPU
		{E61D4938-892C-4B2C-9DC5-8C83B0112370}.Release|Any CPU.ActiveCfg = Release|Any CPU
		{E61D4938-892C-4B2C-9DC5-8C83B0112370}.Release|Any CPU.Build.0 = Release|Any CPU
	EndGlobalSection
	GlobalSection(SolutionProperties) = preSolution
		HideSolutionNode = FALSE
	EndGlobalSection
	GlobalSection(ExtensibilityGlobals) = postSolution
		SolutionGuid = {6152DA15-058E-4DC6-9067-B8AF36D6DED9}
	EndGlobalSection
EndGlobal
